// !$*UTF8*$!
{
	archiveVersion = 1;
	classes = {
	};
	objectVersion = 50;
	objects = {

/* Begin PBXBuildFile section */
		5D01C75A2564140400B3C4BF /* UserDefaultConstants.m in Sources */ = {isa = PBXBuildFile; fileRef = 5D01C7592564140400B3C4BF /* UserDefaultConstants.m */; };
		5D09D1C4252AA7F7007BEDD0 /* CameraOverlayViewController.mm in Sources */ = {isa = PBXBuildFile; fileRef = 5D09D1C2252AA7F7007BEDD0 /* CameraOverlayViewController.mm */; };
		5D09D1C5252AA7F7007BEDD0 /* CameraOverlayViewController.xib in Resources */ = {isa = PBXBuildFile; fileRef = 5D09D1C3252AA7F7007BEDD0 /* CameraOverlayViewController.xib */; };
		5D0C21BF256CBE94005284B1 /* SceneDelegate.m in Sources */ = {isa = PBXBuildFile; fileRef = 5D0C21BD256CBE94005284B1 /* SceneDelegate.m */; };
		5D785C57259A5198009D2407 /* MultipeerConnectivity.framework in Frameworks */ = {isa = PBXBuildFile; fileRef = 5D785C56259A5198009D2407 /* MultipeerConnectivity.framework */; };
		5D7CBA3625A39D0500EC79F7 /* DualSessionCameraOverlayViewController.m in Sources */ = {isa = PBXBuildFile; fileRef = 5D7CBA3425A39D0500EC79F7 /* DualSessionCameraOverlayViewController.m */; };
		5D7CBA3725A39D0500EC79F7 /* DualSessionCameraOverlayViewController.xib in Resources */ = {isa = PBXBuildFile; fileRef = 5D7CBA3525A39D0500EC79F7 /* DualSessionCameraOverlayViewController.xib */; };
		5DA4EFB42588F816009E4938 /* ImageProcessor.m in Sources */ = {isa = PBXBuildFile; fileRef = 5DA4EFB32588F816009E4938 /* ImageProcessor.m */; };
		5DAEB86E254F725900C9A315 /* opencv2.framework in Frameworks */ = {isa = PBXBuildFile; fileRef = 5DAEB86D254F725900C9A315 /* opencv2.framework */; };
		5DAEB871254F730000C9A315 /* ImageProcessor.cpp in Sources */ = {isa = PBXBuildFile; fileRef = 5DAEB86F254F730000C9A315 /* ImageProcessor.cpp */; };
		5DAEB8732551A89900C9A315 /* ImageProcessingBridge.mm in Sources */ = {isa = PBXBuildFile; fileRef = 5DAEB8722551A89900C9A315 /* ImageProcessingBridge.mm */; };
		5DC9FD582522DAA600CC8A63 /* AppDelegate.m in Sources */ = {isa = PBXBuildFile; fileRef = 5DC9FD572522DAA600CC8A63 /* AppDelegate.m */; };
		5DC9FD5E2522DAA600CC8A63 /* ViewController.m in Sources */ = {isa = PBXBuildFile; fileRef = 5DC9FD5D2522DAA600CC8A63 /* ViewController.m */; };
		5DC9FD612522DAA600CC8A63 /* Main.storyboard in Resources */ = {isa = PBXBuildFile; fileRef = 5DC9FD5F2522DAA600CC8A63 /* Main.storyboard */; };
		5DC9FD632522DAA700CC8A63 /* Assets.xcassets in Resources */ = {isa = PBXBuildFile; fileRef = 5DC9FD622522DAA700CC8A63 /* Assets.xcassets */; };
		5DC9FD662522DAA700CC8A63 /* LaunchScreen.storyboard in Resources */ = {isa = PBXBuildFile; fileRef = 5DC9FD642522DAA700CC8A63 /* LaunchScreen.storyboard */; };
		5DC9FD692522DAA700CC8A63 /* main.m in Sources */ = {isa = PBXBuildFile; fileRef = 5DC9FD682522DAA700CC8A63 /* main.m */; };
		5DF90CB42563784E00ED64E0 /* SettingsViewController.m in Sources */ = {isa = PBXBuildFile; fileRef = 5DF90CB32563784E00ED64E0 /* SettingsViewController.m */; };
		5DF90CB62563790600ED64E0 /* SettingsView.xib in Resources */ = {isa = PBXBuildFile; fileRef = 5DF90CB52563790600ED64E0 /* SettingsView.xib */; };
		5DF90CBD2563809500ED64E0 /* FilterTableViewCell.m in Sources */ = {isa = PBXBuildFile; fileRef = 5DF90CBB2563809500ED64E0 /* FilterTableViewCell.m */; };
		5DF90CC02563856C00ED64E0 /* FilterTableViewCell.xib in Resources */ = {isa = PBXBuildFile; fileRef = 5DF90CBF2563856C00ED64E0 /* FilterTableViewCell.xib */; };
/* End PBXBuildFile section */

/* Begin PBXCopyFilesBuildPhase section */
		5D3E825625488DA90068123F /* Embed Frameworks */ = {
			isa = PBXCopyFilesBuildPhase;
			buildActionMask = 2147483647;
			dstPath = "";
			dstSubfolderSpec = 10;
			files = (
			);
			name = "Embed Frameworks";
			runOnlyForDeploymentPostprocessing = 0;
		};
/* End PBXCopyFilesBuildPhase section */

/* Begin PBXFileReference section */
		5D01C7582564140400B3C4BF /* UserDefaultConstants.h */ = {isa = PBXFileReference; lastKnownFileType = sourcecode.c.h; path = UserDefaultConstants.h; sourceTree = "<group>"; };
		5D01C7592564140400B3C4BF /* UserDefaultConstants.m */ = {isa = PBXFileReference; lastKnownFileType = sourcecode.c.objc; path = UserDefaultConstants.m; sourceTree = "<group>"; };
		5D09D1C1252AA7F7007BEDD0 /* CameraOverlayViewController.h */ = {isa = PBXFileReference; lastKnownFileType = sourcecode.c.h; path = CameraOverlayViewController.h; sourceTree = "<group>"; };
		5D09D1C2252AA7F7007BEDD0 /* CameraOverlayViewController.mm */ = {isa = PBXFileReference; lastKnownFileType = sourcecode.cpp.objcpp; path = CameraOverlayViewController.mm; sourceTree = "<group>"; };
		5D09D1C3252AA7F7007BEDD0 /* CameraOverlayViewController.xib */ = {isa = PBXFileReference; lastKnownFileType = file.xib; path = CameraOverlayViewController.xib; sourceTree = "<group>"; };
		5D0C21BD256CBE94005284B1 /* SceneDelegate.m */ = {isa = PBXFileReference; fileEncoding = 4; lastKnownFileType = sourcecode.c.objc; path = SceneDelegate.m; sourceTree = "<group>"; };
		5D0C21BE256CBE94005284B1 /* SceneDelegate.h */ = {isa = PBXFileReference; fileEncoding = 4; lastKnownFileType = sourcecode.c.h; path = SceneDelegate.h; sourceTree = "<group>"; };
		5D785C56259A5198009D2407 /* MultipeerConnectivity.framework */ = {isa = PBXFileReference; lastKnownFileType = wrapper.framework; name = MultipeerConnectivity.framework; path = System/Library/Frameworks/MultipeerConnectivity.framework; sourceTree = SDKROOT; };
		5D7CBA3325A39D0500EC79F7 /* DualSessionCameraOverlayViewController.h */ = {isa = PBXFileReference; lastKnownFileType = sourcecode.c.h; path = DualSessionCameraOverlayViewController.h; sourceTree = "<group>"; };
		5D7CBA3425A39D0500EC79F7 /* DualSessionCameraOverlayViewController.m */ = {isa = PBXFileReference; lastKnownFileType = sourcecode.c.objc; path = DualSessionCameraOverlayViewController.m; sourceTree = "<group>"; };
		5D7CBA3525A39D0500EC79F7 /* DualSessionCameraOverlayViewController.xib */ = {isa = PBXFileReference; lastKnownFileType = file.xib; path = DualSessionCameraOverlayViewController.xib; sourceTree = "<group>"; };
		5DA4EFB22588F816009E4938 /* ImageProcessor.h */ = {isa = PBXFileReference; lastKnownFileType = sourcecode.c.h; path = ImageProcessor.h; sourceTree = "<group>"; };
		5DA4EFB32588F816009E4938 /* ImageProcessor.m */ = {isa = PBXFileReference; lastKnownFileType = sourcecode.c.objc; path = ImageProcessor.m; sourceTree = "<group>"; };
		5DAEB86D254F725900C9A315 /* opencv2.framework */ = {isa = PBXFileReference; lastKnownFileType = wrapper.framework; path = opencv2.framework; sourceTree = "<group>"; };
		5DAEB86F254F730000C9A315 /* ImageProcessor.cpp */ = {isa = PBXFileReference; lastKnownFileType = sourcecode.cpp.cpp; path = ImageProcessor.cpp; sourceTree = "<group>"; };
		5DAEB870254F730000C9A315 /* ImageProcessor.hpp */ = {isa = PBXFileReference; lastKnownFileType = sourcecode.cpp.h; path = ImageProcessor.hpp; sourceTree = "<group>"; };
		5DAEB8722551A89900C9A315 /* ImageProcessingBridge.mm */ = {isa = PBXFileReference; lastKnownFileType = sourcecode.cpp.objcpp; path = ImageProcessingBridge.mm; sourceTree = "<group>"; };
		5DAEB8742551A8B000C9A315 /* ImageProcessingBridge.h */ = {isa = PBXFileReference; lastKnownFileType = sourcecode.c.h; path = ImageProcessingBridge.h; sourceTree = "<group>"; };
		5DC9FD532522DAA600CC8A63 /* Classroom Visual Assistant.app */ = {isa = PBXFileReference; explicitFileType = wrapper.application; includeInIndex = 0; path = "Classroom Visual Assistant.app"; sourceTree = BUILT_PRODUCTS_DIR; };
		5DC9FD562522DAA600CC8A63 /* AppDelegate.h */ = {isa = PBXFileReference; lastKnownFileType = sourcecode.c.h; path = AppDelegate.h; sourceTree = "<group>"; };
		5DC9FD572522DAA600CC8A63 /* AppDelegate.m */ = {isa = PBXFileReference; lastKnownFileType = sourcecode.c.objc; path = AppDelegate.m; sourceTree = "<group>"; };
		5DC9FD5C2522DAA600CC8A63 /* ViewController.h */ = {isa = PBXFileReference; lastKnownFileType = sourcecode.c.h; path = ViewController.h; sourceTree = "<group>"; };
		5DC9FD5D2522DAA600CC8A63 /* ViewController.m */ = {isa = PBXFileReference; lastKnownFileType = sourcecode.c.objc; path = ViewController.m; sourceTree = "<group>"; };
		5DC9FD602522DAA600CC8A63 /* Base */ = {isa = PBXFileReference; lastKnownFileType = file.storyboard; name = Base; path = Base.lproj/Main.storyboard; sourceTree = "<group>"; };
		5DC9FD622522DAA700CC8A63 /* Assets.xcassets */ = {isa = PBXFileReference; lastKnownFileType = folder.assetcatalog; path = Assets.xcassets; sourceTree = "<group>"; };
		5DC9FD652522DAA700CC8A63 /* Base */ = {isa = PBXFileReference; lastKnownFileType = file.storyboard; name = Base; path = Base.lproj/LaunchScreen.storyboard; sourceTree = "<group>"; };
		5DC9FD672522DAA700CC8A63 /* Info.plist */ = {isa = PBXFileReference; lastKnownFileType = text.plist.xml; path = Info.plist; sourceTree = "<group>"; };
		5DC9FD682522DAA700CC8A63 /* main.m */ = {isa = PBXFileReference; lastKnownFileType = sourcecode.c.objc; path = main.m; sourceTree = "<group>"; };
		5DF90CB22563784E00ED64E0 /* SettingsViewController.h */ = {isa = PBXFileReference; lastKnownFileType = sourcecode.c.h; path = SettingsViewController.h; sourceTree = "<group>"; };
		5DF90CB32563784E00ED64E0 /* SettingsViewController.m */ = {isa = PBXFileReference; lastKnownFileType = sourcecode.c.objc; path = SettingsViewController.m; sourceTree = "<group>"; };
		5DF90CB52563790600ED64E0 /* SettingsView.xib */ = {isa = PBXFileReference; lastKnownFileType = file.xib; path = SettingsView.xib; sourceTree = "<group>"; };
		5DF90CBA2563809500ED64E0 /* FilterTableViewCell.h */ = {isa = PBXFileReference; lastKnownFileType = sourcecode.c.h; path = FilterTableViewCell.h; sourceTree = "<group>"; };
		5DF90CBB2563809500ED64E0 /* FilterTableViewCell.m */ = {isa = PBXFileReference; lastKnownFileType = sourcecode.c.objc; path = FilterTableViewCell.m; sourceTree = "<group>"; };
		5DF90CBF2563856C00ED64E0 /* FilterTableViewCell.xib */ = {isa = PBXFileReference; fileEncoding = 4; lastKnownFileType = file.xib; path = FilterTableViewCell.xib; sourceTree = "<group>"; };
/* End PBXFileReference section */

/* Begin PBXFrameworksBuildPhase section */
		5DC9FD502522DAA600CC8A63 /* Frameworks */ = {
			isa = PBXFrameworksBuildPhase;
			buildActionMask = 2147483647;
			files = (
				5DAEB86E254F725900C9A315 /* opencv2.framework in Frameworks */,
				5D785C57259A5198009D2407 /* MultipeerConnectivity.framework in Frameworks */,
			);
			runOnlyForDeploymentPostprocessing = 0;
		};
/* End PBXFrameworksBuildPhase section */

/* Begin PBXGroup section */
		5D0C21BC256CBE0C005284B1 /* Storyboards */ = {
			isa = PBXGroup;
			children = (
				5DC9FD5F2522DAA600CC8A63 /* Main.storyboard */,
				5DC9FD642522DAA700CC8A63 /* LaunchScreen.storyboard */,
				5D09D1C3252AA7F7007BEDD0 /* CameraOverlayViewController.xib */,
				5DF90CB52563790600ED64E0 /* SettingsView.xib */,
				5DF90CBF2563856C00ED64E0 /* FilterTableViewCell.xib */,
				5D7CBA3525A39D0500EC79F7 /* DualSessionCameraOverlayViewController.xib */,
			);
			path = Storyboards;
			sourceTree = "<group>";
		};
		5D785C55259A5198009D2407 /* Frameworks */ = {
			isa = PBXGroup;
			children = (
				5D785C56259A5198009D2407 /* MultipeerConnectivity.framework */,
			);
			name = Frameworks;
			sourceTree = "<group>";
		};
		5DC9FD4A2522DAA600CC8A63 = {
			isa = PBXGroup;
			children = (
				5DAEB86D254F725900C9A315 /* opencv2.framework */,
				5DC9FD552522DAA600CC8A63 /* Classroom Visual Assistant */,
				5DC9FD542522DAA600CC8A63 /* Products */,
				5D785C55259A5198009D2407 /* Frameworks */,
			);
			sourceTree = "<group>";
		};
		5DC9FD542522DAA600CC8A63 /* Products */ = {
			isa = PBXGroup;
			children = (
				5DC9FD532522DAA600CC8A63 /* Classroom Visual Assistant.app */,
			);
			name = Products;
			sourceTree = "<group>";
		};
		5DC9FD552522DAA600CC8A63 /* Classroom Visual Assistant */ = {
			isa = PBXGroup;
			children = (
				5D0C21BC256CBE0C005284B1 /* Storyboards */,
				5DC9FD622522DAA700CC8A63 /* Assets.xcassets */,
				5DC9FD672522DAA700CC8A63 /* Info.plist */,
				5D0C21BE256CBE94005284B1 /* SceneDelegate.h */,
				5D0C21BD256CBE94005284B1 /* SceneDelegate.m */,
				5DC9FD682522DAA700CC8A63 /* main.m */,
				5DC9FD562522DAA600CC8A63 /* AppDelegate.h */,
				5DC9FD572522DAA600CC8A63 /* AppDelegate.m */,
				5DC9FD5C2522DAA600CC8A63 /* ViewController.h */,
				5DC9FD5D2522DAA600CC8A63 /* ViewController.m */,
				5D09D1C1252AA7F7007BEDD0 /* CameraOverlayViewController.h */,
				5D09D1C2252AA7F7007BEDD0 /* CameraOverlayViewController.mm */,
				5D7CBA3325A39D0500EC79F7 /* DualSessionCameraOverlayViewController.h */,
				5D7CBA3425A39D0500EC79F7 /* DualSessionCameraOverlayViewController.m */,
				5DA4EFB22588F816009E4938 /* ImageProcessor.h */,
				5DA4EFB32588F816009E4938 /* ImageProcessor.m */,
				5DAEB8742551A8B000C9A315 /* ImageProcessingBridge.h */,
				5DAEB8722551A89900C9A315 /* ImageProcessingBridge.mm */,
				5DF90CB22563784E00ED64E0 /* SettingsViewController.h */,
				5DF90CB32563784E00ED64E0 /* SettingsViewController.m */,
				5DF90CBA2563809500ED64E0 /* FilterTableViewCell.h */,
				5DF90CBB2563809500ED64E0 /* FilterTableViewCell.m */,
				5D01C7582564140400B3C4BF /* UserDefaultConstants.h */,
				5D01C7592564140400B3C4BF /* UserDefaultConstants.m */,
				5DAEB870254F730000C9A315 /* ImageProcessor.hpp */,
				5DAEB86F254F730000C9A315 /* ImageProcessor.cpp */,
			);
			path = "Classroom Visual Assistant";
			sourceTree = "<group>";
		};
/* End PBXGroup section */

/* Begin PBXNativeTarget section */
		5DC9FD522522DAA600CC8A63 /* Classroom Visual Assistant */ = {
			isa = PBXNativeTarget;
			buildConfigurationList = 5DC9FD6C2522DAA700CC8A63 /* Build configuration list for PBXNativeTarget "Classroom Visual Assistant" */;
			buildPhases = (
				5DC9FD4F2522DAA600CC8A63 /* Sources */,
				5DC9FD502522DAA600CC8A63 /* Frameworks */,
				5DC9FD512522DAA600CC8A63 /* Resources */,
				5D3E825625488DA90068123F /* Embed Frameworks */,
			);
			buildRules = (
			);
			dependencies = (
			);
			name = "Classroom Visual Assistant";
			productName = "Classroom Visual Assistant";
			productReference = 5DC9FD532522DAA600CC8A63 /* Classroom Visual Assistant.app */;
			productType = "com.apple.product-type.application";
		};
/* End PBXNativeTarget section */

/* Begin PBXProject section */
		5DC9FD4B2522DAA600CC8A63 /* Project object */ = {
			isa = PBXProject;
			attributes = {
				LastUpgradeCheck = 1200;
				TargetAttributes = {
					5DC9FD522522DAA600CC8A63 = {
						CreatedOnToolsVersion = 12.0.1;
					};
				};
			};
			buildConfigurationList = 5DC9FD4E2522DAA600CC8A63 /* Build configuration list for PBXProject "Classroom Visual Assistant" */;
			compatibilityVersion = "Xcode 9.3";
			developmentRegion = en;
			hasScannedForEncodings = 0;
			knownRegions = (
				en,
				Base,
			);
			mainGroup = 5DC9FD4A2522DAA600CC8A63;
			productRefGroup = 5DC9FD542522DAA600CC8A63 /* Products */;
			projectDirPath = "";
			projectRoot = "";
			targets = (
				5DC9FD522522DAA600CC8A63 /* Classroom Visual Assistant */,
			);
		};
/* End PBXProject section */

/* Begin PBXResourcesBuildPhase section */
		5DC9FD512522DAA600CC8A63 /* Resources */ = {
			isa = PBXResourcesBuildPhase;
			buildActionMask = 2147483647;
			files = (
				5D7CBA3725A39D0500EC79F7 /* DualSessionCameraOverlayViewController.xib in Resources */,
				5DC9FD662522DAA700CC8A63 /* LaunchScreen.storyboard in Resources */,
				5DF90CC02563856C00ED64E0 /* FilterTableViewCell.xib in Resources */,
				5DC9FD632522DAA700CC8A63 /* Assets.xcassets in Resources */,
				5D09D1C5252AA7F7007BEDD0 /* CameraOverlayViewController.xib in Resources */,
				5DC9FD612522DAA600CC8A63 /* Main.storyboard in Resources */,
				5DF90CB62563790600ED64E0 /* SettingsView.xib in Resources */,
			);
			runOnlyForDeploymentPostprocessing = 0;
		};
/* End PBXResourcesBuildPhase section */

/* Begin PBXSourcesBuildPhase section */
		5DC9FD4F2522DAA600CC8A63 /* Sources */ = {
			isa = PBXSourcesBuildPhase;
			buildActionMask = 2147483647;
			files = (
				5D01C75A2564140400B3C4BF /* UserDefaultConstants.m in Sources */,
				5DA4EFB42588F816009E4938 /* ImageProcessor.m in Sources */,
				5DF90CBD2563809500ED64E0 /* FilterTableViewCell.m in Sources */,
				5D7CBA3625A39D0500EC79F7 /* DualSessionCameraOverlayViewController.m in Sources */,
				5DC9FD5E2522DAA600CC8A63 /* ViewController.m in Sources */,
				5DC9FD582522DAA600CC8A63 /* AppDelegate.m in Sources */,
				5DAEB871254F730000C9A315 /* ImageProcessor.cpp in Sources */,
				5DF90CB42563784E00ED64E0 /* SettingsViewController.m in Sources */,
				5DAEB8732551A89900C9A315 /* ImageProcessingBridge.mm in Sources */,
				5D0C21BF256CBE94005284B1 /* SceneDelegate.m in Sources */,
				5DC9FD692522DAA700CC8A63 /* main.m in Sources */,
				5D09D1C4252AA7F7007BEDD0 /* CameraOverlayViewController.mm in Sources */,
			);
			runOnlyForDeploymentPostprocessing = 0;
		};
/* End PBXSourcesBuildPhase section */

/* Begin PBXVariantGroup section */
		5DC9FD5F2522DAA600CC8A63 /* Main.storyboard */ = {
			isa = PBXVariantGroup;
			children = (
				5DC9FD602522DAA600CC8A63 /* Base */,
			);
			name = Main.storyboard;
			sourceTree = "<group>";
		};
		5DC9FD642522DAA700CC8A63 /* LaunchScreen.storyboard */ = {
			isa = PBXVariantGroup;
			children = (
				5DC9FD652522DAA700CC8A63 /* Base */,
			);
			name = LaunchScreen.storyboard;
			sourceTree = "<group>";
		};
/* End PBXVariantGroup section */

/* Begin XCBuildConfiguration section */
		5DC9FD6A2522DAA700CC8A63 /* Debug */ = {
			isa = XCBuildConfiguration;
			buildSettings = {
				ALWAYS_SEARCH_USER_PATHS = NO;
				CLANG_ANALYZER_NONNULL = YES;
				CLANG_ANALYZER_NUMBER_OBJECT_CONVERSION = YES_AGGRESSIVE;
				CLANG_CXX_LANGUAGE_STANDARD = "gnu++14";
				CLANG_CXX_LIBRARY = "libc++";
				CLANG_ENABLE_MODULES = YES;
				CLANG_ENABLE_OBJC_ARC = YES;
				CLANG_ENABLE_OBJC_WEAK = YES;
				CLANG_WARN_BLOCK_CAPTURE_AUTORELEASING = YES;
				CLANG_WARN_BOOL_CONVERSION = YES;
				CLANG_WARN_COMMA = YES;
				CLANG_WARN_CONSTANT_CONVERSION = YES;
				CLANG_WARN_DEPRECATED_OBJC_IMPLEMENTATIONS = YES;
				CLANG_WARN_DIRECT_OBJC_ISA_USAGE = YES_ERROR;
				CLANG_WARN_DOCUMENTATION_COMMENTS = YES;
				CLANG_WARN_EMPTY_BODY = YES;
				CLANG_WARN_ENUM_CONVERSION = YES;
				CLANG_WARN_INFINITE_RECURSION = YES;
				CLANG_WARN_INT_CONVERSION = YES;
				CLANG_WARN_NON_LITERAL_NULL_CONVERSION = YES;
				CLANG_WARN_OBJC_IMPLICIT_RETAIN_SELF = YES;
				CLANG_WARN_OBJC_LITERAL_CONVERSION = YES;
				CLANG_WARN_OBJC_ROOT_CLASS = YES_ERROR;
				CLANG_WARN_QUOTED_INCLUDE_IN_FRAMEWORK_HEADER = YES;
				CLANG_WARN_RANGE_LOOP_ANALYSIS = YES;
				CLANG_WARN_STRICT_PROTOTYPES = YES;
				CLANG_WARN_SUSPICIOUS_MOVE = YES;
				CLANG_WARN_UNGUARDED_AVAILABILITY = YES_AGGRESSIVE;
				CLANG_WARN_UNREACHABLE_CODE = YES;
				CLANG_WARN__DUPLICATE_METHOD_MATCH = YES;
				COPY_PHASE_STRIP = NO;
				DEBUG_INFORMATION_FORMAT = dwarf;
				ENABLE_STRICT_OBJC_MSGSEND = YES;
				ENABLE_TESTABILITY = YES;
				GCC_C_LANGUAGE_STANDARD = gnu11;
				GCC_DYNAMIC_NO_PIC = NO;
				GCC_NO_COMMON_BLOCKS = YES;
				GCC_OPTIMIZATION_LEVEL = 0;
				GCC_PREPROCESSOR_DEFINITIONS = (
					"DEBUG=1",
					"$(inherited)",
				);
				GCC_WARN_64_TO_32_BIT_CONVERSION = YES;
				GCC_WARN_ABOUT_RETURN_TYPE = YES_ERROR;
				GCC_WARN_UNDECLARED_SELECTOR = YES;
				GCC_WARN_UNINITIALIZED_AUTOS = YES_AGGRESSIVE;
				GCC_WARN_UNUSED_FUNCTION = YES;
				GCC_WARN_UNUSED_VARIABLE = YES;
				IPHONEOS_DEPLOYMENT_TARGET = 14.0;
				MTL_ENABLE_DEBUG_INFO = INCLUDE_SOURCE;
				MTL_FAST_MATH = YES;
				ONLY_ACTIVE_ARCH = YES;
				SDKROOT = iphoneos;
			};
			name = Debug;
		};
		5DC9FD6B2522DAA700CC8A63 /* Release */ = {
			isa = XCBuildConfiguration;
			buildSettings = {
				ALWAYS_SEARCH_USER_PATHS = NO;
				CLANG_ANALYZER_NONNULL = YES;
				CLANG_ANALYZER_NUMBER_OBJECT_CONVERSION = YES_AGGRESSIVE;
				CLANG_CXX_LANGUAGE_STANDARD = "gnu++14";
				CLANG_CXX_LIBRARY = "libc++";
				CLANG_ENABLE_MODULES = YES;
				CLANG_ENABLE_OBJC_ARC = YES;
				CLANG_ENABLE_OBJC_WEAK = YES;
				CLANG_WARN_BLOCK_CAPTURE_AUTORELEASING = YES;
				CLANG_WARN_BOOL_CONVERSION = YES;
				CLANG_WARN_COMMA = YES;
				CLANG_WARN_CONSTANT_CONVERSION = YES;
				CLANG_WARN_DEPRECATED_OBJC_IMPLEMENTATIONS = YES;
				CLANG_WARN_DIRECT_OBJC_ISA_USAGE = YES_ERROR;
				CLANG_WARN_DOCUMENTATION_COMMENTS = YES;
				CLANG_WARN_EMPTY_BODY = YES;
				CLANG_WARN_ENUM_CONVERSION = YES;
				CLANG_WARN_INFINITE_RECURSION = YES;
				CLANG_WARN_INT_CONVERSION = YES;
				CLANG_WARN_NON_LITERAL_NULL_CONVERSION = YES;
				CLANG_WARN_OBJC_IMPLICIT_RETAIN_SELF = YES;
				CLANG_WARN_OBJC_LITERAL_CONVERSION = YES;
				CLANG_WARN_OBJC_ROOT_CLASS = YES_ERROR;
				CLANG_WARN_QUOTED_INCLUDE_IN_FRAMEWORK_HEADER = YES;
				CLANG_WARN_RANGE_LOOP_ANALYSIS = YES;
				CLANG_WARN_STRICT_PROTOTYPES = YES;
				CLANG_WARN_SUSPICIOUS_MOVE = YES;
				CLANG_WARN_UNGUARDED_AVAILABILITY = YES_AGGRESSIVE;
				CLANG_WARN_UNREACHABLE_CODE = YES;
				CLANG_WARN__DUPLICATE_METHOD_MATCH = YES;
				COPY_PHASE_STRIP = NO;
				DEBUG_INFORMATION_FORMAT = "dwarf-with-dsym";
				ENABLE_NS_ASSERTIONS = NO;
				ENABLE_STRICT_OBJC_MSGSEND = YES;
				GCC_C_LANGUAGE_STANDARD = gnu11;
				GCC_NO_COMMON_BLOCKS = YES;
				GCC_WARN_64_TO_32_BIT_CONVERSION = YES;
				GCC_WARN_ABOUT_RETURN_TYPE = YES_ERROR;
				GCC_WARN_UNDECLARED_SELECTOR = YES;
				GCC_WARN_UNINITIALIZED_AUTOS = YES_AGGRESSIVE;
				GCC_WARN_UNUSED_FUNCTION = YES;
				GCC_WARN_UNUSED_VARIABLE = YES;
				IPHONEOS_DEPLOYMENT_TARGET = 14.0;
				MTL_ENABLE_DEBUG_INFO = NO;
				MTL_FAST_MATH = YES;
				SDKROOT = iphoneos;
				VALIDATE_PRODUCT = YES;
			};
			name = Release;
		};
		5DC9FD6D2522DAA700CC8A63 /* Debug */ = {
			isa = XCBuildConfiguration;
			buildSettings = {
				ASSETCATALOG_COMPILER_APPICON_NAME = AppIcon;
				ASSETCATALOG_COMPILER_GLOBAL_ACCENT_COLOR_NAME = AccentColor;
				CODE_SIGN_STYLE = Automatic;
				DEVELOPMENT_TEAM = QG5695H4LD;
				FRAMEWORK_SEARCH_PATHS = "$(PROJECT_DIR)";
				GCC_PRECOMPILE_PREFIX_HEADER = YES;
				GCC_PREFIX_HEADER = "";
				INFOPLIST_FILE = "Classroom Visual Assistant/Info.plist";
				LD_RUNPATH_SEARCH_PATHS = (
					"$(inherited)",
					"@executable_path/Frameworks",
				);
				PRODUCT_BUNDLE_IDENTIFIER = "hhzeng.Classroom-Visual-Assistant";
				PRODUCT_NAME = "$(TARGET_NAME)";
				TARGETED_DEVICE_FAMILY = "1,2";
			};
			name = Debug;
		};
		5DC9FD6E2522DAA700CC8A63 /* Release */ = {
			isa = XCBuildConfiguration;
			buildSettings = {
				ASSETCATALOG_COMPILER_APPICON_NAME = AppIcon;
				ASSETCATALOG_COMPILER_GLOBAL_ACCENT_COLOR_NAME = AccentColor;
				CODE_SIGN_STYLE = Automatic;
				DEVELOPMENT_TEAM = QG5695H4LD;
				FRAMEWORK_SEARCH_PATHS = "$(PROJECT_DIR)";
				GCC_PRECOMPILE_PREFIX_HEADER = YES;
				GCC_PREFIX_HEADER = "";
				INFOPLIST_FILE = "Classroom Visual Assistant/Info.plist";
				LD_RUNPATH_SEARCH_PATHS = (
					"$(inherited)",
					"@executable_path/Frameworks",
				);
				PRODUCT_BUNDLE_IDENTIFIER = "hhzeng.Classroom-Visual-Assistant";
				PRODUCT_NAME = "$(TARGET_NAME)";
				TARGETED_DEVICE_FAMILY = "1,2";
			};
			name = Release;
		};
/* End XCBuildConfiguration section */

/* Begin XCConfigurationList section */
		5DC9FD4E2522DAA600CC8A63 /* Build configuration list for PBXProject "Classroom Visual Assistant" */ = {
			isa = XCConfigurationList;
			buildConfigurations = (
				5DC9FD6A2522DAA700CC8A63 /* Debug */,
				5DC9FD6B2522DAA700CC8A63 /* Release */,
			);
			defaultConfigurationIsVisible = 0;
			defaultConfigurationName = Release;
		};
		5DC9FD6C2522DAA700CC8A63 /* Build configuration list for PBXNativeTarget "Classroom Visual Assistant" */ = {
			isa = XCConfigurationList;
			buildConfigurations = (
				5DC9FD6D2522DAA700CC8A63 /* Debug */,
				5DC9FD6E2522DAA700CC8A63 /* Release */,
			);
			defaultConfigurationIsVisible = 0;
			defaultConfigurationName = Release;
		};
/* End XCConfigurationList section */
	};
	rootObject = 5DC9FD4B2522DAA600CC8A63 /* Project object */;
}
